
Microsoft Visual Studio Solution File, Format Version 12.00
# Visual Studio 15
VisualStudioVersion = 15.0.28307.572
MinimumVisualStudioVersion = 10.0.40219.1
Project("{8BC9CEB8-8B4A-11D0-8D11-00A0C91BC942}") = "lw_os_1", "lw_os_1\lw_os_1.vcxproj", "{D01ABB60-2125-4DF7-8A74-9E662949B686}"
	ProjectSection(ProjectDependencies) = postProject
		{6BE983A2-EDD9-4FE6-A5CB-326BAEE61E0B} = {6BE983A2-EDD9-4FE6-A5CB-326BAEE61E0B}
		{058227AA-CEC6-42DC-8377-02CBFD007F75} = {058227AA-CEC6-42DC-8377-02CBFD007F75}
	EndProjectSection
EndProject
Project("{8BC9CEB8-8B4A-11D0-8D11-00A0C91BC942}") = "STATILIBR", "STATILIBR\STATILIBR.vcxproj", "{6BE983A2-EDD9-4FE6-A5CB-326BAEE61E0B}"
EndProject
Project("{8BC9CEB8-8B4A-11D0-8D11-00A0C91BC942}") = "DYNLIB1", "DYNLIB1\DYNLIB1.vcxproj", "{058227AA-CEC6-42DC-8377-02CBFD007F75}"
EndProject
Global
	GlobalSection(SolutionConfigurationPlatforms) = preSolution
		Debug|x64 = Debug|x64
		Debug|x86 = Debug|x86
		Release|x64 = Release|x64
		Release|x86 = Release|x86
	EndGlobalSection
	GlobalSection(ProjectConfigurationPlatforms) = postSolution
		{D01ABB60-2125-4DF7-8A74-9E662949B686}.Debug|x64.ActiveCfg = Debug|x64
		{D01ABB60-2125-4DF7-8A74-9E662949B686}.Debug|x64.Build.0 = Debug|x64
		{D01ABB60-2125-4DF7-8A74-9E662949B686}.Debug|x86.ActiveCfg = Debug|Win32
		{D01ABB60-2125-4DF7-8A74-9E662949B686}.Debug|x86.Build.0 = Debug|Win32
		{D01ABB60-2125-4DF7-8A74-9E662949B686}.Release|x64.ActiveCfg = Release|x64
		{D01ABB60-2125-4DF7-8A74-9E662949B686}.Release|x64.Build.0 = Release|x64
		{D01ABB60-2125-4DF7-8A74-9E662949B686}.Release|x86.ActiveCfg = Release|Win32
		{D01ABB60-2125-4DF7-8A74-9E662949B686}.Release|x86.Build.0 = Release|Win32
		{6BE983A2-EDD9-4FE6-A5CB-326BAEE61E0B}.Debug|x64.ActiveCfg = Debug|x64
		{6BE983A2-EDD9-4FE6-A5CB-326BAEE61E0B}.Debug|x64.Build.0 = Debug|x64
		{6BE983A2-EDD9-4FE6-A5CB-326BAEE61E0B}.Debug|x86.ActiveCfg = Debug|Win32
		{6BE983A2-EDD9-4FE6-A5CB-326BAEE61E0B}.Debug|x86.Build.0 = Debug|Win32
		{6BE983A2-EDD9-4FE6-A5CB-326BAEE61E0B}.Release|x64.ActiveCfg = Release|x64
		{6BE983A2-EDD9-4FE6-A5CB-326BAEE61E0B}.Release|x64.Build.0 = Release|x64
		{6BE983A2-EDD9-4FE6-A5CB-326BAEE61E0B}.Release|x86.ActiveCfg = Release|Win32
		{6BE983A2-EDD9-4FE6-A5CB-326BAEE61E0B}.Release|x86.Build.0 = Release|Win32
		{058227AA-CEC6-42DC-8377-02CBFD007F75}.Debug|x64.ActiveCfg = Debug|x64
		{058227AA-CEC6-42DC-8377-02CBFD007F75}.Debug|x64.Build.0 = Debug|x64
		{058227AA-CEC6-42DC-8377-02CBFD007F75}.Debug|x86.ActiveCfg = Debug|Win32
		{058227AA-CEC6-42DC-8377-02CBFD007F75}.Debug|x86.Build.0 = Debug|Win32
		{058227AA-CEC6-42DC-8377-02CBFD007F75}.Release|x64.ActiveCfg = Release|x64
		{058227AA-CEC6-42DC-8377-02CBFD007F75}.Release|x64.Build.0 = Release|x64
		{058227AA-CEC6-42DC-8377-02CBFD007F75}.Release|x86.ActiveCfg = Release|Win32
		{058227AA-CEC6-42DC-8377-02CBFD007F75}.Release|x86.Build.0 = Release|Win32
	EndGlobalSection
	GlobalSection(SolutionProperties) = preSolution
		HideSolutionNode = FALSE
	EndGlobalSection
	GlobalSection(ExtensibilityGlobals) = postSolution
		SolutionGuid = {F1147C03-F98B-48D4-99F3-152597695A07}
	EndGlobalSection
EndGlobal
